
Microsoft Visual Studio Solution File, Format Version 12.00
# Visual Studio Version 17
VisualStudioVersion = 17.8.34601.278
MinimumVisualStudioVersion = 10.0.40219.1
Project("{9A19103F-16F7-4668-BE54-9A1E7A4F7556}") = "RunningRazorApp", "RunningRazorApp\RunningRazorApp.csproj", "{E058D3B5-09E8-48E6-A51E-5CD8DD3E2D69}"
EndProject
Project("{9A19103F-16F7-4668-BE54-9A1E7A4F7556}") = "RunLib", "RunLib\RunLib.csproj", "{96B40858-6E43-45DA-A2AC-E24BFE1CA4A7}"
EndProject
Global
	GlobalSection(SolutionConfigurationPlatforms) = preSolution
		Debug|Any CPU = Debug|Any CPU
		Release|Any CPU = Release|Any CPU
	EndGlobalSection
	GlobalSection(ProjectConfigurationPlatforms) = postSolution
		{E058D3B5-09E8-48E6-A51E-5CD8DD3E2D69}.Debug|Any CPU.ActiveCfg = Debug|Any CPU
		{E058D3B5-09E8-48E6-A51E-5CD8DD3E2D69}.Debug|Any CPU.Build.0 = Debug|Any CPU
		{E058D3B5-09E8-48E6-A51E-5CD8DD3E2D69}.Release|Any CPU.ActiveCfg = Release|Any CPU
		{E058D3B5-09E8-48E6-A51E-5CD8DD3E2D69}.Release|Any CPU.Build.0 = Release|Any CPU
		{96B40858-6E43-45DA-A2AC-E24BFE1CA4A7}.Debug|Any CPU.ActiveCfg = Debug|Any CPU
		{96B40858-6E43-45DA-A2AC-E24BFE1CA4A7}.Debug|Any CPU.Build.0 = Debug|Any CPU
		{96B40858-6E43-45DA-A2AC-E24BFE1CA4A7}.Release|Any CPU.ActiveCfg = Release|Any CPU
		{96B40858-6E43-45DA-A2AC-E24BFE1CA4A7}.Release|Any CPU.Build.0 = Release|Any CPU
	EndGlobalSection
	GlobalSection(SolutionProperties) = preSolution
		HideSolutionNode = FALSE
	EndGlobalSection
	GlobalSection(ExtensibilityGlobals) = postSolution
		SolutionGuid = {13851349-FC00-4912-A8AC-DD6FA64B89A2}
	EndGlobalSection
EndGlobal
